
Microsoft Visual Studio Solution File, Format Version 12.00
# Visual Studio 14
VisualStudioVersion = 14.0.23107.0
MinimumVisualStudioVersion = 10.0.40219.1
Project("{FAE04EC0-301F-11D3-BF4B-00C04F79EFBC}") = "MiniBlink_DLL", "MiniBlink_DLL\MiniBlink_DLL.csproj", "{FDFCF6DE-5C19-4410-A9F4-D92FA97F5D05}"
EndProject
Global
	GlobalSection(SolutionConfigurationPlatforms) = preSolution
		Debug|Any CPU = Debug|Any CPU
		Release|Any CPU = Release|Any CPU
	EndGlobalSection
	GlobalSection(ProjectConfigurationPlatforms) = postSolution
		{FDFCF6DE-5C19-4410-A9F4-D92FA97F5D05}.Debug|Any CPU.ActiveCfg = Debug|Any CPU
		{FDFCF6DE-5C19-4410-A9F4-D92FA97F5D05}.Debug|Any CPU.Build.0 = Debug|Any CPU
		{FDFCF6DE-5C19-4410-A9F4-D92FA97F5D05}.Release|Any CPU.ActiveCfg = Release|Any CPU
		{FDFCF6DE-5C19-4410-A9F4-D92FA97F5D05}.Release|Any CPU.Build.0 = Release|Any CPU
	EndGlobalSection
	GlobalSection(SolutionProperties) = preSolution
		HideSolutionNode = FALSE
	EndGlobalSection
EndGlobal
